
Microsoft Visual Studio Solution File, Format Version 12.00
# Visual Studio Version 17
VisualStudioVersion = 17.2.32630.192
MinimumVisualStudioVersion = 10.0.40219.1
Project("{FAE04EC0-301F-11D3-BF4B-00C04F79EFBC}") = "StateLog.Server", "StateLog\Server\StateLog.Server.csproj", "{D93F4279-E3EC-433B-8D7A-6399CC580D33}"
EndProject
Project("{FAE04EC0-301F-11D3-BF4B-00C04F79EFBC}") = "StateLog.Client", "StateLog\Client\StateLog.Client.csproj", "{DDE3ADFC-1DC7-4743-87BA-F03AE017745B}"
EndProject
Project("{FAE04EC0-301F-11D3-BF4B-00C04F79EFBC}") = "StateLog.Shared", "StateLog\Shared\StateLog.Shared.csproj", "{14D9526F-DEE6-40B9-832E-FE0638968105}"
EndProject
Global
	GlobalSection(SolutionConfigurationPlatforms) = preSolution
		Debug|Any CPU = Debug|Any CPU
		Release|Any CPU = Release|Any CPU
	EndGlobalSection
	GlobalSection(ProjectConfigurationPlatforms) = postSolution
		{D93F4279-E3EC-433B-8D7A-6399CC580D33}.Debug|Any CPU.ActiveCfg = Debug|Any CPU
		{D93F4279-E3EC-433B-8D7A-6399CC580D33}.Debug|Any CPU.Build.0 = Debug|Any CPU
		{D93F4279-E3EC-433B-8D7A-6399CC580D33}.Release|Any CPU.ActiveCfg = Release|Any CPU
		{D93F4279-E3EC-433B-8D7A-6399CC580D33}.Release|Any CPU.Build.0 = Release|Any CPU
		{DDE3ADFC-1DC7-4743-87BA-F03AE017745B}.Debug|Any CPU.ActiveCfg = Debug|Any CPU
		{DDE3ADFC-1DC7-4743-87BA-F03AE017745B}.Debug|Any CPU.Build.0 = Debug|Any CPU
		{DDE3ADFC-1DC7-4743-87BA-F03AE017745B}.Release|Any CPU.ActiveCfg = Release|Any CPU
		{DDE3ADFC-1DC7-4743-87BA-F03AE017745B}.Release|Any CPU.Build.0 = Release|Any CPU
		{14D9526F-DEE6-40B9-832E-FE0638968105}.Debug|Any CPU.ActiveCfg = Debug|Any CPU
		{14D9526F-DEE6-40B9-832E-FE0638968105}.Debug|Any CPU.Build.0 = Debug|Any CPU
		{14D9526F-DEE6-40B9-832E-FE0638968105}.Release|Any CPU.ActiveCfg = Release|Any CPU
		{14D9526F-DEE6-40B9-832E-FE0638968105}.Release|Any CPU.Build.0 = Release|Any CPU
	EndGlobalSection
	GlobalSection(SolutionProperties) = preSolution
		HideSolutionNode = FALSE
	EndGlobalSection
	GlobalSection(ExtensibilityGlobals) = postSolution
		SolutionGuid = {A77B6767-199C-458F-96E9-28C8C381349A}
	EndGlobalSection
EndGlobal
